// !$*UTF8*$!
{
	archiveVersion = 1;
	classes = {
	};
	objectVersion = 46;
	objects = {

/* Begin PBXBuildFile section */
		03649EDA1ED3DE59001F3F73 /* AppDelegate.swift in Sources */ = {isa = PBXBuildFile; fileRef = 03649ED91ED3DE59001F3F73 /* AppDelegate.swift */; };
		03649EDC1ED3DE59001F3F73 /* ViewController.swift in Sources */ = {isa = PBXBuildFile; fileRef = 03649EDB1ED3DE59001F3F73 /* ViewController.swift */; };
		03649EDF1ED3DE59001F3F73 /* Main.storyboard in Resources */ = {isa = PBXBuildFile; fileRef = 03649EDD1ED3DE59001F3F73 /* Main.storyboard */; };
		03649EE11ED3DE59001F3F73 /* Assets.xcassets in Resources */ = {isa = PBXBuildFile; fileRef = 03649EE01ED3DE59001F3F73 /* Assets.xcassets */; };
		03649EE41ED3DE59001F3F73 /* LaunchScreen.storyboard in Resources */ = {isa = PBXBuildFile; fileRef = 03649EE21ED3DE59001F3F73 /* LaunchScreen.storyboard */; };
/* End PBXBuildFile section */

/* Begin PBXFileReference section */
		03649ED61ED3DE59001F3F73 /* NotABar.app */ = {isa = PBXFileReference; explicitFileType = wrapper.application; includeInIndex = 0; path = NotABar.app; sourceTree = BUILT_PRODUCTS_DIR; };
		03649ED91ED3DE59001F3F73 /* AppDelegate.swift */ = {isa = PBXFileReference; lastKnownFileType = sourcecode.swift; path = AppDelegate.swift; sourceTree = "<group>"; };
		03649EDB1ED3DE59001F3F73 /* ViewController.swift */ = {isa = PBXFileReference; lastKnownFileType = sourcecode.swift; path = ViewController.swift; sourceTree = "<group>"; };
		03649EDE1ED3DE59001F3F73 /* Base */ = {isa = PBXFileReference; lastKnownFileType = file.storyboard; name = Base; path = Base.lproj/Main.storyboard; sourceTree = "<group>"; };
		03649EE01ED3DE59001F3F73 /* Assets.xcassets */ = {isa = PBXFileReference; lastKnownFileType = folder.assetcatalog; path = Assets.xcassets; sourceTree = "<group>"; };
		03649EE31ED3DE59001F3F73 /* Base */ = {isa = PBXFileReference; lastKnownFileType = file.storyboard; name = Base; path = Base.lproj/LaunchScreen.storyboard; sourceTree = "<group>"; };
		03649EE51ED3DE59001F3F73 /* Info.plist */ = {isa = PBXFileReference; lastKnownFileType = text.plist.xml; path = Info.plist; sourceTree = "<group>"; };
/* End PBXFileReference section */

/* Begin PBXFrameworksBuildPhase section */
		03649ED31ED3DE59001F3F73 /* Frameworks */ = {
			isa = PBXFrameworksBuildPhase;
			buildActionMask = 2147483647;
			files = (
			);
			runOnlyForDeploymentPostprocessing = 0;
		};
/* End PBXFrameworksBuildPhase section */

/* Begin PBXGroup section */
		03649ECD1ED3DE59001F3F73 = {
			isa = PBXGroup;
			children = (
				03649ED81ED3DE59001F3F73 /* NotABar */,
				03649ED71ED3DE59001F3F73 /* Products */,
			);
			sourceTree = "<group>";
		};
		03649ED71ED3DE59001F3F73 /* Products */ = {
			isa = PBXGroup;
			children = (
				03649ED61ED3DE59001F3F73 /* NotABar.app */,
			);
			name = Products;
			sourceTree = "<group>";
		};
		03649ED81ED3DE59001F3F73 /* NotABar */ = {
			isa = PBXGroup;
			children = (
				03649ED91ED3DE59001F3F73 /* AppDelegate.swift */,
				03649EDB1ED3DE59001F3F73 /* ViewController.swift */,
				03649EDD1ED3DE59001F3F73 /* Main.storyboard */,
				03649EE01ED3DE59001F3F73 /* Assets.xcassets */,
				03649EE21ED3DE59001F3F73 /* LaunchScreen.storyboard */,
				03649EE51ED3DE59001F3F73 /* Info.plist */,
			);
			path = NotABar;
			sourceTree = "<group>";
		};
/* End PBXGroup section */

/* Begin PBXNativeTarget section */
		03649ED51ED3DE59001F3F73 /* NotABar */ = {
			isa = PBXNativeTarget;
			buildConfigurationList = 03649EE81ED3DE59001F3F73 /* Build configuration list for PBXNativeTarget "NotABar" */;
			buildPhases = (
				03649ED21ED3DE59001F3F73 /* Sources */,
				03649ED31ED3DE59001F3F73 /* Frameworks */,
				03649ED41ED3DE59001F3F73 /* Resources */,
			);
			buildRules = (
			);
			dependencies = (
			);
			name = NotABar;
			productName = NotABar;
			productReference = 03649ED61ED3DE59001F3F73 /* NotABar.app */;
			productType = "com.apple.product-type.application";
		};
/* End PBXNativeTarget section */

/* Begin PBXProject section */
		03649ECE1ED3DE59001F3F73 /* Project object */ = {
			isa = PBXProject;
			attributes = {
				LastSwiftUpdateCheck = 0830;
				LastUpgradeCheck = 0830;
				ORGANIZATIONNAME = "SoggyMop LLC";
				TargetAttributes = {
					03649ED51ED3DE59001F3F73 = {
						CreatedOnToolsVersion = 8.3.2;
						DevelopmentTeam = 5RAFNMF733;
						ProvisioningStyle = Automatic;
					};
				};
			};
			buildConfigurationList = 03649ED11ED3DE59001F3F73 /* Build configuration list for PBXProject "NotABar" */;
			compatibilityVersion = "Xcode 3.2";
			developmentRegion = English;
			hasScannedForEncodings = 0;
			knownRegions = (
				en,
				Base,
			);
			mainGroup = 03649ECD1ED3DE59001F3F73;
			productRefGroup = 03649ED71ED3DE59001F3F73 /* Products */;
			projectDirPath = "";
			projectRoot = "";
			targets = (
				03649ED51ED3DE59001F3F73 /* NotABar */,
			);
		};
/* End PBXProject section */

/* Begin PBXResourcesBuildPhase section */
		03649ED41ED3DE59001F3F73 /* Resources */ = {
			isa = PBXResourcesBuildPhase;
			buildActionMask = 2147483647;
			files = (
				03649EE41ED3DE59001F3F73 /* LaunchScreen.storyboard in Resources */,
				03649EE11ED3DE59001F3F73 /* Assets.xcassets in Resources */,
				03649EDF1ED3DE59001F3F73 /* Main.storyboard in Resources */,
			);
			runOnlyForDeploymentPostprocessing = 0;
		};
/* End PBXResourcesBuildPhase section */

/* Begin PBXSourcesBuildPhase section */
		03649ED21ED3DE59001F3F73 /* Sources */ = {
			isa = PBXSourcesBuildPhase;
			buildActionMask = 2147483647;
			files = (
				03649EDC1ED3DE59001F3F73 /* ViewController.swift in Sources */,
				03649EDA1ED3DE59001F3F73 /* AppDelegate.swift in Sources */,
			);
			runOnlyForDeploymentPostprocessing = 0;
		};
/* End PBXSourcesBuildPhase section */

/* Begin PBXVariantGroup section */
		03649EDD1ED3DE59001F3F73 /* Main.storyboard */ = {
			isa = PBXVariantGroup;
			children = (
				03649EDE1ED3DE59001F3F73 /* Base */,
			);
			name = Main.storyboard;
			sourceTree = "<group>";
		};
		03649EE21ED3DE59001F3F73 /* LaunchScreen.storyboard */ = {
			isa = PBXVariantGroup;
			children = (
				03649EE31ED3DE59001F3F73 /* Base */,
			);
			name = LaunchScreen.storyboard;
			sourceTree = "<group>";
		};
/* End PBXVariantGroup section */

/* Begin XCBuildConfiguration section */
		03649EE61ED3DE59001F3F73 /* Debug */ = {
			isa = XCBuildConfiguration;
			buildSettings = {
				ALWAYS_SEARCH_USER_PATHS = NO;
				CLANG_ANALYZER_NONNULL = YES;
				CLANG_ANALYZER_NUMBER_OBJECT_CONVERSION = YES_AGGRESSIVE;
				CLANG_CXX_LANGUAGE_STANDARD = "gnu++0x";
				CLANG_CXX_LIBRARY = "libc++";
				CLANG_ENABLE_MODULES = YES;
				CLANG_ENABLE_OBJC_ARC = YES;
				CLANG_WARN_BOOL_CONVERSION = YES;
				CLANG_WARN_CONSTANT_CONVERSION = YES;
				CLANG_WARN_DIRECT_OBJC_ISA_USAGE = YES_ERROR;
				CLANG_WARN_DOCUMENTATION_COMMENTS = YES;
				CLANG_WARN_EMPTY_BODY = YES;
				CLANG_WARN_ENUM_CONVERSION = YES;
				CLANG_WARN_INFINITE_RECURSION = YES;
				CLANG_WARN_INT_CONVERSION = YES;
				CLANG_WARN_OBJC_ROOT_CLASS = YES_ERROR;
				CLANG_WARN_SUSPICIOUS_MOVE = YES;
				CLANG_WARN_UNREACHABLE_CODE = YES;
				CLANG_WARN__DUPLICATE_METHOD_MATCH = YES;
				"CODE_SIGN_IDENTITY[sdk=iphoneos*]" = "iPhone Developer";
				COPY_PHASE_STRIP = NO;
				DEBUG_INFORMATION_FORMAT = dwarf;
				ENABLE_STRICT_OBJC_MSGSEND = YES;
				ENABLE_TESTABILITY = YES;
				GCC_C_LANGUAGE_STANDARD = gnu99;
				GCC_DYNAMIC_NO_PIC = NO;
				GCC_NO_COMMON_BLOCKS = YES;
				GCC_OPTIMIZATION_LEVEL = 0;
				GCC_PREPROCESSOR_DEFINITIONS = (
					"DEBUG=1",
					"$(inherited)",
				);
				GCC_WARN_64_TO_32_BIT_CONVERSION = YES;
				GCC_WARN_ABOUT_RETURN_TYPE = YES_ERROR;
				GCC_WARN_UNDECLARED_SELECTOR = YES;
				GCC_WARN_UNINITIALIZED_AUTOS = YES_AGGRESSIVE;
				GCC_WARN_UNUSED_FUNCTION = YES;
				GCC_WARN_UNUSED_VARIABLE = YES;
				IPHONEOS_DEPLOYMENT_TARGET = 10.3;
				MTL_ENABLE_DEBUG_INFO = YES;
				ONLY_ACTIVE_ARCH = YES;
				SDKROOT = iphoneos;
				SWIFT_ACTIVE_COMPILATION_CONDITIONS = DEBUG;
				SWIFT_OPTIMIZATION_LEVEL = "-Onone";
			};
			name = Debug;
		};
		03649EE71ED3DE59001F3F73 /* Release */ = {
			isa = XCBuildConfiguration;
			buildSettings = {
				ALWAYS_SEARCH_USER_PATHS = NO;
				CLANG_ANALYZER_NONNULL = YES;
				CLANG_ANALYZER_NUMBER_OBJECT_CONVERSION = YES_AGGRESSIVE;
				CLANG_CXX_LANGUAGE_STANDARD = "gnu++0x";
				CLANG_CXX_LIBRARY = "libc++";
				CLANG_ENABLE_MODULES = YES;
				CLANG_ENABLE_OBJC_ARC = YES;
				CLANG_WARN_BOOL_CONVERSION = YES;
				CLANG_WARN_CONSTANT_CONVERSION = YES;
				CLANG_WARN_DIRECT_OBJC_ISA_USAGE = YES_ERROR;
				CLANG_WARN_DOCUMENTATION_COMMENTS = YES;
				CLANG_WARN_EMPTY_BODY = YES;
				CLANG_WARN_ENUM_CONVERSION = YES;
				CLANG_WARN_INFINITE_RECURSION = YES;
				CLANG_WARN_INT_CONVERSION = YES;
				CLANG_WARN_OBJC_ROOT_CLASS = YES_ERROR;
				CLANG_WARN_SUSPICIOUS_MOVE = YES;
				CLANG_WARN_UNREACHABLE_CODE = YES;
				CLANG_WARN__DUPLICATE_METHOD_MATCH = YES;
				"CODE_SIGN_IDENTITY[sdk=iphoneos*]" = "iPhone Developer";
				COPY_PHASE_STRIP = NO;
				DEBUG_INFORMATION_FORMAT = "dwarf-with-dsym";
				ENABLE_NS_ASSERTIONS = NO;
				ENABLE_STRICT_OBJC_MSGSEND = YES;
				GCC_C_LANGUAGE_STANDARD = gnu99;
				GCC_NO_COMMON_BLOCKS = YES;
				GCC_WARN_64_TO_32_BIT_CONVERSION = YES;
				GCC_WARN_ABOUT_RETURN_TYPE = YES_ERROR;
				GCC_WARN_UNDECLARED_SELECTOR = YES;
				GCC_WARN_UNINITIALIZED_AUTOS = YES_AGGRESSIVE;
				GCC_WARN_UNUSED_FUNCTION = YES;
				GCC_WARN_UNUSED_VARIABLE = YES;
				IPHONEOS_DEPLOYMENT_TARGET = 10.3;
				MTL_ENABLE_DEBUG_INFO = NO;
				SDKROOT = iphoneos;
				SWIFT_OPTIMIZATION_LEVEL = "-Owholemodule";
				VALIDATE_PRODUCT = YES;
			};
			name = Release;
		};
		03649EE91ED3DE59001F3F73 /* Debug */ = {
			isa = XCBuildConfiguration;
			buildSettings = {
				ASSETCATALOG_COMPILER_APPICON_NAME = AppIcon;
				DEVELOPMENT_TEAM = 5RAFNMF733;
				INFOPLIST_FILE = NotABar/Info.plist;
				LD_RUNPATH_SEARCH_PATHS = "$(inherited) @executable_path/Frameworks";
				PRODUCT_BUNDLE_IDENTIFIER = com.soggymop.NotABar;
				PRODUCT_NAME = "$(TARGET_NAME)";
				SWIFT_VERSION = 3.0;
			};
			name = Debug;
		};
		03649EEA1ED3DE59001F3F73 /* Release */ = {
			isa = XCBuildConfiguration;
			buildSettings = {
				ASSETCATALOG_COMPILER_APPICON_NAME = AppIcon;
				DEVELOPMENT_TEAM = 5RAFNMF733;
				INFOPLIST_FILE = NotABar/Info.plist;
				LD_RUNPATH_SEARCH_PATHS = "$(inherited) @executable_path/Frameworks";
				PRODUCT_BUNDLE_IDENTIFIER = com.soggymop.NotABar;
				PRODUCT_NAME = "$(TARGET_NAME)";
				SWIFT_VERSION = 3.0;
			};
			name = Release;
		};
/* End XCBuildConfiguration section */

/* Begin XCConfigurationList section */
		03649ED11ED3DE59001F3F73 /* Build configuration list for PBXProject "NotABar" */ = {
			isa = XCConfigurationList;
			buildConfigurations = (
				03649EE61ED3DE59001F3F73 /* Debug */,
				03649EE71ED3DE59001F3F73 /* Release */,
			);
			defaultConfigurationIsVisible = 0;
			defaultConfigurationName = Release;
		};
		03649EE81ED3DE59001F3F73 /* Build configuration list for PBXNativeTarget "NotABar" */ = {
			isa = XCConfigurationList;
			buildConfigurations = (
				03649EE91ED3DE59001F3F73 /* Debug */,
				03649EEA1ED3DE59001F3F73 /* Release */,
			);
			defaultConfigurationIsVisible = 0;
		};
/* End XCConfigurationList section */
	};
	rootObject = 03649ECE1ED3DE59001F3F73 /* Project object */;
}
